<?xml version="1.0" encoding="utf-8"?>
<Project ToolsVersion="4.0" xmlns="http://schemas.microsoft.com/developer/msbuild/2003">
  <ItemGroup>
    <Filter Include="Fichiers sources">
      <UniqueIdentifier>{4FC737F1-C7A5-4376-A066-2A32D752A2FF}</UniqueIdentifier>
      <Extensions>cpp;c;cc;cxx;def;odl;idl;hpj;bat;asm;asmx</Extensions>
    </Filter>
    <Filter Include="Fichiers d%27en-tête">
      <UniqueIdentifier>{93995380-89BD-4b04-88EB-625FBE52EBFB}</UniqueIdentifier>
      <Extensions>h;hpp;hxx;hm;inl;inc;xsd</Extensions>
    </Filter>
    <Filter Include="Fichiers de ressources">
      <UniqueIdentifier>{67DA6AB6-F800-4c08-8B7A-83BB121AAD01}</UniqueIdentifier>
      <Extensions>rc;ico;cur;bmp;dlg;rc2;rct;bin;rgs;gif;jpg;jpeg;jpe;resx;tiff;tif;png;wav;mfcribbon-ms</Extensions>
    </Filter>
    <Filter Include="Fichiers sources\Tools">
      <UniqueIdentifier>{909ffc74-7d2a-4c41-a693-9cb188d8a84a}</UniqueIdentifier>
    </Filter>
    <Filter Include="Fichiers sources\Shapes">
      <UniqueIdentifier>{9140b913-dec1-49d5-b86a-2c036ff00bb1}</UniqueIdentifier>
    </Filter>
    <Filter Include="Fichiers sources\user">
      <UniqueIdentifier>{5d39d5dd-96be-4ad4-99b4-a4487a1aadb4}</UniqueIdentifier>
    </Filter>
    <Filter Include="Fichiers sources\Scene">
      <UniqueIdentifier>{b33c53d2-c5c2-4913-997b-56c7ff938005}</UniqueIdentifier>
    </Filter>
    <Filter Include="Fichiers sources\imgui">
      <UniqueIdentifier>{16af1026-8c5f-4bd4-bf4a-187401669042}</UniqueIdentifier>
    </Filter>
    <Filter Include="Fichiers sources\stb">
      <UniqueIdentifier>{8b58c0cc-2b7d-4649-a667-c88af8ed3efa}</UniqueIdentifier>
    </Filter>
  </ItemGroup>
  <ItemGroup>
    <ClCompile Include="..\src\Tools\ShaderGLSL.cpp">
      <Filter>Fichiers sources\Tools</Filter>
    </ClCompile>
    <ClCompile Include="..\src\shapes\shape.cpp">
      <Filter>Fichiers sources\Shapes</Filter>
    </ClCompile>
    <ClCompile Include="..\src\Scene\Scene.cpp">
      <Filter>Fichiers sources\Scene</Filter>
    </ClCompile>
    <ClCompile Include="..\src\shapes\cube.cpp">
      <Filter>Fichiers sources\Shapes</Filter>
    </ClCompile>
    <ClCompile Include="..\src\shapes\shape3D.cpp">
      <Filter>Fichiers sources\Shapes</Filter>
    </ClCompile>
    <ClCompile Include="..\src\Tools\Timer.cpp">
      <Filter>Fichiers sources\Tools</Filter>
    </ClCompile>
    <ClCompile Include="..\src\imgui\imgui.cpp">
      <Filter>Fichiers sources\imgui</Filter>
    </ClCompile>
    <ClCompile Include="..\src\imgui\imguiRenderGL3.cpp">
      <Filter>Fichiers sources\imgui</Filter>
    </ClCompile>
    <ClCompile Include="..\src\main.cpp">
      <Filter>Fichiers sources</Filter>
    </ClCompile>
    <ClCompile Include="..\src\imgui\DroidSans.cpp">
      <Filter>Fichiers sources\imgui</Filter>
    </ClCompile>
    <ClCompile Include="..\src\stb\stb_image.c">
      <Filter>Fichiers sources\stb</Filter>
    </ClCompile>
  </ItemGroup>
  <ItemGroup>
    <ClInclude Include="..\src\Tools\GLCommon.h">
      <Filter>Fichiers sources\Tools</Filter>
    </ClInclude>
    <ClInclude Include="..\src\Tools\ShaderGLSL.h">
      <Filter>Fichiers sources\Tools</Filter>
    </ClInclude>
    <ClInclude Include="..\src\shapes\shape.h">
      <Filter>Fichiers sources\Shapes</Filter>
    </ClInclude>
    <ClInclude Include="..\src\user\user.h">
      <Filter>Fichiers sources\user</Filter>
    </ClInclude>
    <ClInclude Include="..\src\Scene\Scene.h">
      <Filter>Fichiers sources\Scene</Filter>
    </ClInclude>
    <ClInclude Include="..\src\Tools\Camera.h">
      <Filter>Fichiers sources\Tools</Filter>
    </ClInclude>
    <ClInclude Include="..\src\shapes\cube.h">
      <Filter>Fichiers sources\Shapes</Filter>
    </ClInclude>
    <ClInclude Include="..\src\shapes\shape3D.h">
      <Filter>Fichiers sources\Shapes</Filter>
    </ClInclude>
    <ClInclude Include="..\src\Tools\Timer.h">
      <Filter>Fichiers sources\Tools</Filter>
    </ClInclude>
    <ClInclude Include="..\src\imgui\imgui.h">
      <Filter>Fichiers sources\imgui</Filter>
    </ClInclude>
    <ClInclude Include="..\src\imgui\imguiRenderGL3.h">
      <Filter>Fichiers sources\imgui</Filter>
    </ClInclude>
    <ClInclude Include="..\src\stb\stb_truetype.h">
      <Filter>Fichiers sources\imgui</Filter>
    </ClInclude>
    <ClInclude Include="..\src\imgui\stb_truetype.h">
      <Filter>Fichiers sources\stb</Filter>
    </ClInclude>
    <ClInclude Include="..\src\stb\stb_image.h">
      <Filter>Fichiers sources\stb</Filter>
    </ClInclude>
  </ItemGroup>
</Project>